Microsoft Visual Studio Solution File, Format Version 12.00
# Visual Studio 2012
Project("{FAE04EC0-301F-11D3-BF4B-00C04F79EFBC}") = "Blaptica", "Blaptica.csproj", "{A6D57C76-8BE0-4EDB-83DC-C9297CEA5FED}"
EndProject
Global
	GlobalSection(SolutionConfigurationPlatforms) = preSolution
	Debug|Any CPU = Debug|Any CPU
	ExportDebug|Any CPU = ExportDebug|Any CPU
	ExportRelease|Any CPU = ExportRelease|Any CPU
	EndGlobalSection
	GlobalSection(ProjectConfigurationPlatforms) = postSolution
		{A6D57C76-8BE0-4EDB-83DC-C9297CEA5FED}.Debug|Any CPU.ActiveCfg = Debug|Any CPU
		{A6D57C76-8BE0-4EDB-83DC-C9297CEA5FED}.Debug|Any CPU.Build.0 = Debug|Any CPU
		{A6D57C76-8BE0-4EDB-83DC-C9297CEA5FED}.ExportDebug|Any CPU.ActiveCfg = ExportDebug|Any CPU
		{A6D57C76-8BE0-4EDB-83DC-C9297CEA5FED}.ExportDebug|Any CPU.Build.0 = ExportDebug|Any CPU
		{A6D57C76-8BE0-4EDB-83DC-C9297CEA5FED}.ExportRelease|Any CPU.ActiveCfg = ExportRelease|Any CPU
		{A6D57C76-8BE0-4EDB-83DC-C9297CEA5FED}.ExportRelease|Any CPU.Build.0 = ExportRelease|Any CPU
	EndGlobalSection
EndGlobal
